
Microsoft Visual Studio Solution File, Format Version 12.00
# Visual Studio 15
VisualStudioVersion = 15.0.27130.2027
MinimumVisualStudioVersion = 10.0.40219.1
Project("{9A19103F-16F7-4668-BE54-9A1E7A4F7556}") = "User.API", "User.API\User.API.csproj", "{5E2BBD46-A70F-46C7-A387-7C12036E0CD2}"
EndProject
Project("{2150E333-8FDC-42A3-9474-1A3956D46DE8}") = "Tests", "Tests", "{D3656FC9-6624-4006-94EF-B50291ABD298}"
EndProject
Project("{9A19103F-16F7-4668-BE54-9A1E7A4F7556}") = "User.API.UnitTests", "User.API.UnitTests\User.API.UnitTests.csproj", "{93597286-2C0C-4714-9E20-AA65002E2F93}"
EndProject
Project("{2150E333-8FDC-42A3-9474-1A3956D46DE8}") = "Build", "Build", "{0E2EF70A-59A6-4053-817A-1218203B2D67}"
	ProjectSection(SolutionItems) = preProject
		.gitlab-ci.yml = .gitlab-ci.yml
	EndProjectSection
EndProject
Project("{9A19103F-16F7-4668-BE54-9A1E7A4F7556}") = "User.Identity", "User.Identity\User.Identity.csproj", "{CEF2964D-621B-4EC9-87D8-5CA853FF62BC}"
EndProject
Project("{2150E333-8FDC-42A3-9474-1A3956D46DE8}") = "Postman", "Postman", "{5B432EE4-0208-463C-A559-119CF840566B}"
	ProjectSection(SolutionItems) = preProject
		ElasticSearch.postman_collection.json = ElasticSearch.postman_collection.json
		Jesse.postman_collection.json = Jesse.postman_collection.json
		LocalTransactionTest.postman_collection.json = LocalTransactionTest.postman_collection.json
	EndProjectSection
EndProject
Project("{9A19103F-16F7-4668-BE54-9A1E7A4F7556}") = "API.Geteway", "API.Geteway\API.Geteway.csproj", "{D73A4CCA-6C68-421F-9854-C389210852D3}"
EndProject
Project("{2150E333-8FDC-42A3-9474-1A3956D46DE8}") = "Consul", "Consul", "{C6400B6C-AC25-4FF3-AE68-E0A3101D0B81}"
EndProject
Project("{9A19103F-16F7-4668-BE54-9A1E7A4F7556}") = "TestConsulApi1", "TestConsulApi1\TestConsulApi1.csproj", "{455E5114-2C8C-4E7E-A711-3B76F46D8A19}"
EndProject
Project("{9A19103F-16F7-4668-BE54-9A1E7A4F7556}") = "TestConsulApi2", "TestConsulApi2\TestConsulApi2.csproj", "{0651E100-AC01-4AAB-9AF7-3B91BDD11EF2}"
EndProject
Project("{9A19103F-16F7-4668-BE54-9A1E7A4F7556}") = "ApiGatewayWithConsul", "ApiGatewayWithConsul\ApiGatewayWithConsul.csproj", "{DFE4BF73-AD49-4860-B69D-C2EE06559CE4}"
EndProject
Project("{9A19103F-16F7-4668-BE54-9A1E7A4F7556}") = "TestDnsClient", "TestDnsClient\TestDnsClient.csproj", "{8C851A72-4690-4E73-B46D-AA78299358AB}"
EndProject
Project("{2150E333-8FDC-42A3-9474-1A3956D46DE8}") = "BuildingBlocks", "BuildingBlocks", "{9B772DF6-8821-494B-A689-94FF3E01825C}"
EndProject
Project("{9A19103F-16F7-4668-BE54-9A1E7A4F7556}") = "Resilience.Http", "Resilience.Http\Resilience.Http.csproj", "{5EF22293-99EC-4B3E-8889-FB728FB7E62A}"
EndProject
Project("{FAE04EC0-301F-11D3-BF4B-00C04F79EFBC}") = "Contact.API", "Contact.API\Contact.API.csproj", "{F79510B0-BCCA-4689-A3F9-8DAD991C13EC}"
EndProject
Project("{FAE04EC0-301F-11D3-BF4B-00C04F79EFBC}") = "EventBus", "EventBus\EventBus.csproj", "{45266716-F362-4501-A5F1-058796EE827C}"
EndProject
Project("{FAE04EC0-301F-11D3-BF4B-00C04F79EFBC}") = "EventBus.RabbitMq", "EventBus.RabbitMq\EventBus.RabbitMq.csproj", "{946A50F4-2EB2-4586-A0B4-DDA614F7D22E}"
EndProject
Project("{2150E333-8FDC-42A3-9474-1A3956D46DE8}") = "Project", "Project", "{67414E79-37F2-466C-9F3E-AC2EBE451C48}"
EndProject
Project("{FAE04EC0-301F-11D3-BF4B-00C04F79EFBC}") = "Project.API", "Project.API\Project.API.csproj", "{7D1682B9-937E-4DA3-BF80-1BAA2E757041}"
EndProject
Project("{FAE04EC0-301F-11D3-BF4B-00C04F79EFBC}") = "Project.Domain", "Project.Domain\Project.Domain.csproj", "{F6471F65-D18E-43BD-A81F-735EB3BB0F33}"
EndProject
Project("{FAE04EC0-301F-11D3-BF4B-00C04F79EFBC}") = "Project.Infrastructure", "Project.Infrastructure\Project.Infrastructure.csproj", "{D68E9648-31CC-4849-BFF9-05DBC312C50A}"
EndProject
Project("{FAE04EC0-301F-11D3-BF4B-00C04F79EFBC}") = "ReCommand.API", "ReCommand.API\ReCommand.API.csproj", "{5A79D093-4ADC-474E-BDDE-F3D2E5F51A40}"
EndProject
Global
	GlobalSection(SolutionConfigurationPlatforms) = preSolution
		Debug|Any CPU = Debug|Any CPU
		Release|Any CPU = Release|Any CPU
	EndGlobalSection
	GlobalSection(ProjectConfigurationPlatforms) = postSolution
		{5E2BBD46-A70F-46C7-A387-7C12036E0CD2}.Debug|Any CPU.ActiveCfg = Debug|Any CPU
		{5E2BBD46-A70F-46C7-A387-7C12036E0CD2}.Debug|Any CPU.Build.0 = Debug|Any CPU
		{5E2BBD46-A70F-46C7-A387-7C12036E0CD2}.Release|Any CPU.ActiveCfg = Release|Any CPU
		{5E2BBD46-A70F-46C7-A387-7C12036E0CD2}.Release|Any CPU.Build.0 = Release|Any CPU
		{93597286-2C0C-4714-9E20-AA65002E2F93}.Debug|Any CPU.ActiveCfg = Debug|Any CPU
		{93597286-2C0C-4714-9E20-AA65002E2F93}.Debug|Any CPU.Build.0 = Debug|Any CPU
		{93597286-2C0C-4714-9E20-AA65002E2F93}.Release|Any CPU.ActiveCfg = Release|Any CPU
		{93597286-2C0C-4714-9E20-AA65002E2F93}.Release|Any CPU.Build.0 = Release|Any CPU
		{CEF2964D-621B-4EC9-87D8-5CA853FF62BC}.Debug|Any CPU.ActiveCfg = Debug|Any CPU
		{CEF2964D-621B-4EC9-87D8-5CA853FF62BC}.Debug|Any CPU.Build.0 = Debug|Any CPU
		{CEF2964D-621B-4EC9-87D8-5CA853FF62BC}.Release|Any CPU.ActiveCfg = Release|Any CPU
		{CEF2964D-621B-4EC9-87D8-5CA853FF62BC}.Release|Any CPU.Build.0 = Release|Any CPU
		{D73A4CCA-6C68-421F-9854-C389210852D3}.Debug|Any CPU.ActiveCfg = Debug|Any CPU
		{D73A4CCA-6C68-421F-9854-C389210852D3}.Debug|Any CPU.Build.0 = Debug|Any CPU
		{D73A4CCA-6C68-421F-9854-C389210852D3}.Release|Any CPU.ActiveCfg = Release|Any CPU
		{D73A4CCA-6C68-421F-9854-C389210852D3}.Release|Any CPU.Build.0 = Release|Any CPU
		{455E5114-2C8C-4E7E-A711-3B76F46D8A19}.Debug|Any CPU.ActiveCfg = Debug|Any CPU
		{455E5114-2C8C-4E7E-A711-3B76F46D8A19}.Debug|Any CPU.Build.0 = Debug|Any CPU
		{455E5114-2C8C-4E7E-A711-3B76F46D8A19}.Release|Any CPU.ActiveCfg = Release|Any CPU
		{455E5114-2C8C-4E7E-A711-3B76F46D8A19}.Release|Any CPU.Build.0 = Release|Any CPU
		{0651E100-AC01-4AAB-9AF7-3B91BDD11EF2}.Debug|Any CPU.ActiveCfg = Debug|Any CPU
		{0651E100-AC01-4AAB-9AF7-3B91BDD11EF2}.Debug|Any CPU.Build.0 = Debug|Any CPU
		{0651E100-AC01-4AAB-9AF7-3B91BDD11EF2}.Release|Any CPU.ActiveCfg = Release|Any CPU
		{0651E100-AC01-4AAB-9AF7-3B91BDD11EF2}.Release|Any CPU.Build.0 = Release|Any CPU
		{DFE4BF73-AD49-4860-B69D-C2EE06559CE4}.Debug|Any CPU.ActiveCfg = Debug|Any CPU
		{DFE4BF73-AD49-4860-B69D-C2EE06559CE4}.Debug|Any CPU.Build.0 = Debug|Any CPU
		{DFE4BF73-AD49-4860-B69D-C2EE06559CE4}.Release|Any CPU.ActiveCfg = Release|Any CPU
		{DFE4BF73-AD49-4860-B69D-C2EE06559CE4}.Release|Any CPU.Build.0 = Release|Any CPU
		{8C851A72-4690-4E73-B46D-AA78299358AB}.Debug|Any CPU.ActiveCfg = Debug|Any CPU
		{8C851A72-4690-4E73-B46D-AA78299358AB}.Debug|Any CPU.Build.0 = Debug|Any CPU
		{8C851A72-4690-4E73-B46D-AA78299358AB}.Release|Any CPU.ActiveCfg = Release|Any CPU
		{8C851A72-4690-4E73-B46D-AA78299358AB}.Release|Any CPU.Build.0 = Release|Any CPU
		{5EF22293-99EC-4B3E-8889-FB728FB7E62A}.Debug|Any CPU.ActiveCfg = Debug|Any CPU
		{5EF22293-99EC-4B3E-8889-FB728FB7E62A}.Debug|Any CPU.Build.0 = Debug|Any CPU
		{5EF22293-99EC-4B3E-8889-FB728FB7E62A}.Release|Any CPU.ActiveCfg = Release|Any CPU
		{5EF22293-99EC-4B3E-8889-FB728FB7E62A}.Release|Any CPU.Build.0 = Release|Any CPU
		{F79510B0-BCCA-4689-A3F9-8DAD991C13EC}.Debug|Any CPU.ActiveCfg = Debug|Any CPU
		{F79510B0-BCCA-4689-A3F9-8DAD991C13EC}.Debug|Any CPU.Build.0 = Debug|Any CPU
		{F79510B0-BCCA-4689-A3F9-8DAD991C13EC}.Release|Any CPU.ActiveCfg = Release|Any CPU
		{F79510B0-BCCA-4689-A3F9-8DAD991C13EC}.Release|Any CPU.Build.0 = Release|Any CPU
		{45266716-F362-4501-A5F1-058796EE827C}.Debug|Any CPU.ActiveCfg = Debug|Any CPU
		{45266716-F362-4501-A5F1-058796EE827C}.Debug|Any CPU.Build.0 = Debug|Any CPU
		{45266716-F362-4501-A5F1-058796EE827C}.Release|Any CPU.ActiveCfg = Release|Any CPU
		{45266716-F362-4501-A5F1-058796EE827C}.Release|Any CPU.Build.0 = Release|Any CPU
		{946A50F4-2EB2-4586-A0B4-DDA614F7D22E}.Debug|Any CPU.ActiveCfg = Debug|Any CPU
		{946A50F4-2EB2-4586-A0B4-DDA614F7D22E}.Debug|Any CPU.Build.0 = Debug|Any CPU
		{946A50F4-2EB2-4586-A0B4-DDA614F7D22E}.Release|Any CPU.ActiveCfg = Release|Any CPU
		{946A50F4-2EB2-4586-A0B4-DDA614F7D22E}.Release|Any CPU.Build.0 = Release|Any CPU
		{7D1682B9-937E-4DA3-BF80-1BAA2E757041}.Debug|Any CPU.ActiveCfg = Debug|Any CPU
		{7D1682B9-937E-4DA3-BF80-1BAA2E757041}.Debug|Any CPU.Build.0 = Debug|Any CPU
		{7D1682B9-937E-4DA3-BF80-1BAA2E757041}.Release|Any CPU.ActiveCfg = Release|Any CPU
		{7D1682B9-937E-4DA3-BF80-1BAA2E757041}.Release|Any CPU.Build.0 = Release|Any CPU
		{F6471F65-D18E-43BD-A81F-735EB3BB0F33}.Debug|Any CPU.ActiveCfg = Debug|Any CPU
		{F6471F65-D18E-43BD-A81F-735EB3BB0F33}.Debug|Any CPU.Build.0 = Debug|Any CPU
		{F6471F65-D18E-43BD-A81F-735EB3BB0F33}.Release|Any CPU.ActiveCfg = Release|Any CPU
		{F6471F65-D18E-43BD-A81F-735EB3BB0F33}.Release|Any CPU.Build.0 = Release|Any CPU
		{D68E9648-31CC-4849-BFF9-05DBC312C50A}.Debug|Any CPU.ActiveCfg = Debug|Any CPU
		{D68E9648-31CC-4849-BFF9-05DBC312C50A}.Debug|Any CPU.Build.0 = Debug|Any CPU
		{D68E9648-31CC-4849-BFF9-05DBC312C50A}.Release|Any CPU.ActiveCfg = Release|Any CPU
		{D68E9648-31CC-4849-BFF9-05DBC312C50A}.Release|Any CPU.Build.0 = Release|Any CPU
		{5A79D093-4ADC-474E-BDDE-F3D2E5F51A40}.Debug|Any CPU.ActiveCfg = Debug|Any CPU
		{5A79D093-4ADC-474E-BDDE-F3D2E5F51A40}.Debug|Any CPU.Build.0 = Debug|Any CPU
		{5A79D093-4ADC-474E-BDDE-F3D2E5F51A40}.Release|Any CPU.ActiveCfg = Release|Any CPU
		{5A79D093-4ADC-474E-BDDE-F3D2E5F51A40}.Release|Any CPU.Build.0 = Release|Any CPU
	EndGlobalSection
	GlobalSection(SolutionProperties) = preSolution
		HideSolutionNode = FALSE
	EndGlobalSection
	GlobalSection(NestedProjects) = preSolution
		{93597286-2C0C-4714-9E20-AA65002E2F93} = {D3656FC9-6624-4006-94EF-B50291ABD298}
		{455E5114-2C8C-4E7E-A711-3B76F46D8A19} = {C6400B6C-AC25-4FF3-AE68-E0A3101D0B81}
		{0651E100-AC01-4AAB-9AF7-3B91BDD11EF2} = {C6400B6C-AC25-4FF3-AE68-E0A3101D0B81}
		{DFE4BF73-AD49-4860-B69D-C2EE06559CE4} = {C6400B6C-AC25-4FF3-AE68-E0A3101D0B81}
		{8C851A72-4690-4E73-B46D-AA78299358AB} = {C6400B6C-AC25-4FF3-AE68-E0A3101D0B81}
		{5EF22293-99EC-4B3E-8889-FB728FB7E62A} = {9B772DF6-8821-494B-A689-94FF3E01825C}
		{45266716-F362-4501-A5F1-058796EE827C} = {9B772DF6-8821-494B-A689-94FF3E01825C}
		{946A50F4-2EB2-4586-A0B4-DDA614F7D22E} = {9B772DF6-8821-494B-A689-94FF3E01825C}
		{7D1682B9-937E-4DA3-BF80-1BAA2E757041} = {67414E79-37F2-466C-9F3E-AC2EBE451C48}
		{F6471F65-D18E-43BD-A81F-735EB3BB0F33} = {67414E79-37F2-466C-9F3E-AC2EBE451C48}
		{D68E9648-31CC-4849-BFF9-05DBC312C50A} = {67414E79-37F2-466C-9F3E-AC2EBE451C48}
	EndGlobalSection
	GlobalSection(ExtensibilityGlobals) = postSolution
		SolutionGuid = {65F66E47-A249-4357-B42B-DE52FC074467}
	EndGlobalSection
EndGlobal
